<?xml version="1.0" encoding="UTF-8"?>
<Scheme LastUpgradeVersion="1640" version="1.3">
 <BuildAction parallelizeBuildables="YES" buildImplicitDependencies="YES"><BuildActionEntries><BuildActionEntry buildForTesting="YES" buildForRunning="YES" buildForProfiling="YES" buildForArchiving="YES" buildForAnalyzing="YES"><BuildableReference BuildableIdentifier="primary" BlueprintIdentifier="84EE06508A325F2615B0E683" BuildableName="Studio Frontend.app" BlueprintName="Studio Frontend" ReferencedContainer="container:AhaKey Studio.xcodeproj"/></BuildActionEntry></BuildActionEntries></BuildAction>
 <TestAction buildConfiguration="Debug" selectedDebuggerIdentifier="Xcode.DebuggerFoundation.Debugger.LLDB" selectedLauncherIdentifier="Xcode.IDEFoundation.Launcher.PosixSpawn" shouldUseLaunchSchemeArgsEnv="NO"><Testables><TestableReference skipped="NO"><BuildableReference BuildableIdentifier="primary" BlueprintIdentifier="DEC945EABCE951EDDCBBE724" BuildableName="StudioFrontendTests.xctest" BlueprintName="StudioFrontendTests" ReferencedContainer="container:AhaKey Studio.xcodeproj"/></TestableReference></Testables></TestAction>
 <LaunchAction buildConfiguration="Debug" selectedDebuggerIdentifier="Xcode.DebuggerFoundation.Debugger.LLDB" selectedLauncherIdentifier="Xcode.DebuggerFoundation.Launcher.LLDB" launchStyle="0" useCustomWorkingDirectory="NO" ignoresPersistentStateOnLaunch="NO" debugDocumentVersioning="YES" debugServiceExtension="internal"><BuildableProductRunnable runnableDebuggingMode="0"><BuildableReference BuildableIdentifier="primary" BlueprintIdentifier="84EE06508A325F2615B0E683" BuildableName="Studio Frontend.app" BlueprintName="Studio Frontend" ReferencedContainer="container:AhaKey Studio.xcodeproj"/></BuildableProductRunnable></LaunchAction>
 <ProfileAction buildConfiguration="Release" shouldUseLaunchSchemeArgsEnv="YES" savedToolIdentifier="" useCustomWorkingDirectory="NO" debugDocumentVersioning="YES"><BuildableProductRunnable runnableDebuggingMode="0"><BuildableReference BuildableIdentifier="primary" BlueprintIdentifier="84EE06508A325F2615B0E683" BuildableName="Studio Frontend.app" BlueprintName="Studio Frontend" ReferencedContainer="container:AhaKey Studio.xcodeproj"/></BuildableProductRunnable></ProfileAction>
 <AnalyzeAction buildConfiguration="Debug"/><ArchiveAction buildConfiguration="Release" revealArchiveInOrganizer="YES"/>
</Scheme>
